<?xml version="1.0" encoding="utf-8"?>
<Project ToolsVersion="4.0" xmlns="http://schemas.microsoft.com/developer/msbuild/2003">
  <ItemGroup>
    <ApplicationDefinition Include="App.xaml" />
  </ItemGroup>
  <ItemGroup>
    <Page Include="MainWindow.xaml" />
    <Page Include="HelpfulDebuggerv2.xaml">
      <Filter>pages</Filter>
    </Page>
    <Page Include="SettingsPage.xaml">
      <Filter>Settings</Filter>
    </Page>
    <Page Include="Themes\Generic.xaml" />
    <Page Include="HelpfulDebuggerv1.xaml">
      <Filter>pages</Filter>
    </Page>
  </ItemGroup>
  <ItemGroup>
    <Midl Include="App.idl" />
    <Midl Include="MainWindow.idl" />
  </ItemGroup>
  <ItemGroup>
    <ClCompile Include="pch.cpp" />
    <ClCompile Include="$(GeneratedFilesDir)module.g.cpp" />
    <ClCompile Include="..\DebugLibrary\DConsole.cpp">
      <Filter>outsiders</Filter>
    </ClCompile>
    <ClCompile Include="..\DebugLibrary\SettingsClass.cpp">
      <Filter>outsiders</Filter>
    </ClCompile>
    <ClCompile Include="..\DebugLibrary\Downloader.cpp">
      <Filter>outsiders</Filter>
    </ClCompile>
    <ClCompile Include="ProgramInfo.cpp" />
  </ItemGroup>
  <ItemGroup>
    <ClInclude Include="pch.h" />
    <ClInclude Include="ProgramInfo.h" />
  </ItemGroup>
  <ItemGroup>
    <Image Include="Assets\Wide310x150Logo.scale-200.png">
      <Filter>Assets</Filter>
    </Image>
    <Image Include="Assets\StoreLogo.png">
      <Filter>Assets</Filter>
    </Image>
    <Image Include="Assets\Square150x150Logo.scale-200.png">
      <Filter>Assets</Filter>
    </Image>
    <Image Include="Assets\Square44x44Logo.targetsize-24_altform-unplated.png">
      <Filter>Assets</Filter>
    </Image>
    <Image Include="Assets\Square44x44Logo.scale-200.png">
      <Filter>Assets</Filter>
    </Image>
    <Image Include="Assets\SplashScreen.scale-200.png">
      <Filter>Assets</Filter>
    </Image>
    <Image Include="Assets\LockScreenLogo.scale-200.png">
      <Filter>Assets</Filter>
    </Image>
    <Image Include="TPIIcon.ico">
      <Filter>Icon</Filter>
    </Image>
    <Image Include="..\..\..\..\Downloads\TPI.ico">
      <Filter>Icon</Filter>
    </Image>
    <Image Include="..\..\..\..\Downloads\No_Image.jpg">
      <Filter>images</Filter>
    </Image>
    <Image Include="..\..\..\..\Downloads\StoreLogo.scale-400.png">
      <Filter>images</Filter>
    </Image>
  </ItemGroup>
  <ItemGroup>
    <Filter Include="Assets">
      <UniqueIdentifier>{0111b7ae-ed16-497e-8d0d-354d5286aa56}</UniqueIdentifier>
    </Filter>
    <Filter Include="Icon">
      <UniqueIdentifier>{8be264ac-9b00-404b-9a33-ee39205de5db}</UniqueIdentifier>
    </Filter>
    <Filter Include="Notes">
      <UniqueIdentifier>{d978770f-372e-4cc4-b667-61d5b57f8ba2}</UniqueIdentifier>
    </Filter>
    <Filter Include="pages">
      <UniqueIdentifier>{4e621c09-4a09-41e1-b029-8897abb19b94}</UniqueIdentifier>
    </Filter>
    <Filter Include="outsiders">
      <UniqueIdentifier>{ff2e4c47-682a-431a-a44b-664d248eb447}</UniqueIdentifier>
    </Filter>
    <Filter Include="images">
      <UniqueIdentifier>{08bd6824-c167-4178-a0c3-1bfa6686da9b}</UniqueIdentifier>
    </Filter>
    <Filter Include="Settings">
      <UniqueIdentifier>{c3171748-6559-4550-8305-0d2511179154}</UniqueIdentifier>
    </Filter>
    <Filter Include="Download">
      <UniqueIdentifier>{e1d238b0-17e5-4e86-a857-175cdfeee423}</UniqueIdentifier>
    </Filter>
  </ItemGroup>
  <ItemGroup>
    <Text Include="readme.txt" />
    <Text Include="todoandideas.txt">
      <Filter>Notes</Filter>
    </Text>
  </ItemGroup>
  <ItemGroup>
    <Manifest Include="app.manifest" />
  </ItemGroup>
  <ItemGroup>
    <AppxManifest Include="Package.appxmanifest" />
  </ItemGroup>
  <ItemGroup>
    <None Include="packages.config" />
  </ItemGroup>
  <ItemGroup>
    <Natvis Include="$(MSBuildThisFileDirectory)..\..\natvis\wil.natvis" />
  </ItemGroup>
</Project>